
Microsoft Visual Studio Solution File, Format Version 12.00
# Visual Studio 15
Project("{FAE04EC0-301F-11D3-BF4B-00C04F79EFBC}") = "Assembly-CSharp", "Assembly-CSharp.csproj", "{FDFD04D1-B799-15BF-2F7A-EE838791F409}"
EndProject
Project("{FAE04EC0-301F-11D3-BF4B-00C04F79EFBC}") = "Assembly-CSharp-Editor", "Assembly-CSharp-Editor.csproj", "{7D312D37-82F1-D6E5-C97E-7024EF405701}"
EndProject
Global
	GlobalSection(SolutionConfigurationPlatforms) = preSolution
		Debug|Any CPU = Debug|Any CPU
		Release|Any CPU = Release|Any CPU
	EndGlobalSection
	GlobalSection(ProjectConfigurationPlatforms) = postSolution
		{FDFD04D1-B799-15BF-2F7A-EE838791F409}.Debug|Any CPU.ActiveCfg = Debug|Any CPU
		{FDFD04D1-B799-15BF-2F7A-EE838791F409}.Debug|Any CPU.Build.0 = Debug|Any CPU
		{FDFD04D1-B799-15BF-2F7A-EE838791F409}.Release|Any CPU.ActiveCfg = Release|Any CPU
		{FDFD04D1-B799-15BF-2F7A-EE838791F409}.Release|Any CPU.Build.0 = Release|Any CPU
		{7D312D37-82F1-D6E5-C97E-7024EF405701}.Debug|Any CPU.ActiveCfg = Debug|Any CPU
		{7D312D37-82F1-D6E5-C97E-7024EF405701}.Debug|Any CPU.Build.0 = Debug|Any CPU
		{7D312D37-82F1-D6E5-C97E-7024EF405701}.Release|Any CPU.ActiveCfg = Release|Any CPU
		{7D312D37-82F1-D6E5-C97E-7024EF405701}.Release|Any CPU.Build.0 = Release|Any CPU
	EndGlobalSection
	GlobalSection(SolutionProperties) = preSolution
		HideSolutionNode = FALSE
	EndGlobalSection
EndGlobal
